// !$*UTF8*$!
{
	archiveVersion = 1;
	classes = {
	};
	objectVersion = 55;
	objects = {

/* Begin PBXBuildFile section */
		F99CE5BC27EB014200CDF225 /* AppDelegate.swift in Sources */ = {isa = PBXBuildFile; fileRef = F99CE5BB27EB014200CDF225 /* AppDelegate.swift */; };
		F99CE5BE27EB014200CDF225 /* ContentView.swift in Sources */ = {isa = PBXBuildFile; fileRef = F99CE5BD27EB014200CDF225 /* ContentView.swift */; };
		F99CE5C027EB014200CDF225 /* Experience.rcproject in Sources */ = {isa = PBXBuildFile; fileRef = F99CE5BF27EB014200CDF225 /* Experience.rcproject */; };
		F99CE5C227EB014300CDF225 /* Assets.xcassets in Resources */ = {isa = PBXBuildFile; fileRef = F99CE5C127EB014300CDF225 /* Assets.xcassets */; };
		F99CE5C527EB014300CDF225 /* Preview Assets.xcassets in Resources */ = {isa = PBXBuildFile; fileRef = F99CE5C427EB014300CDF225 /* Preview Assets.xcassets */; };
		F99CE5CF27EB014300CDF225 /* RoomDecoratorARTests.swift in Sources */ = {isa = PBXBuildFile; fileRef = F99CE5CE27EB014300CDF225 /* RoomDecoratorARTests.swift */; };
		F99CE5D927EB014300CDF225 /* RoomDecoratorARUITests.swift in Sources */ = {isa = PBXBuildFile; fileRef = F99CE5D827EB014300CDF225 /* RoomDecoratorARUITests.swift */; };
		F99CE5DB27EB014300CDF225 /* RoomDecoratorARUITestsLaunchTests.swift in Sources */ = {isa = PBXBuildFile; fileRef = F99CE5DA27EB014300CDF225 /* RoomDecoratorARUITestsLaunchTests.swift */; };
		F99CE5ED27EB0BB100CDF225 /* ShopView.swift in Sources */ = {isa = PBXBuildFile; fileRef = F99CE5EC27EB0BB100CDF225 /* ShopView.swift */; };
		F99CE5EF27EB0C0D00CDF225 /* FavouritesView.swift in Sources */ = {isa = PBXBuildFile; fileRef = F99CE5EE27EB0C0D00CDF225 /* FavouritesView.swift */; };
		F99CE5F127EB143600CDF225 /* RoomItemsView.swift in Sources */ = {isa = PBXBuildFile; fileRef = F99CE5F027EB143600CDF225 /* RoomItemsView.swift */; };
		F99CE5F327EB1D8700CDF225 /* BottomSheetVIew.swift in Sources */ = {isa = PBXBuildFile; fileRef = F99CE5F227EB1D8700CDF225 /* BottomSheetVIew.swift */; };
		F99CE5F627EB2AE700CDF225 /* UIScreenExtension.swift in Sources */ = {isa = PBXBuildFile; fileRef = F99CE5F527EB2AE700CDF225 /* UIScreenExtension.swift */; };
		F99CE5F827EB370600CDF225 /* ViewExtension.swift in Sources */ = {isa = PBXBuildFile; fileRef = F99CE5F727EB370600CDF225 /* ViewExtension.swift */; };
		F99CE5FB27EB372200CDF225 /* RoundedCorner.swift in Sources */ = {isa = PBXBuildFile; fileRef = F99CE5FA27EB372200CDF225 /* RoundedCorner.swift */; };
		F9C1385D27EC55790018B9EE /* CategotyView.swift in Sources */ = {isa = PBXBuildFile; fileRef = F9C1385C27EC55790018B9EE /* CategotyView.swift */; };
		F9C1386327EC63290018B9EE /* Model.swift in Sources */ = {isa = PBXBuildFile; fileRef = F9C1386227EC63290018B9EE /* Model.swift */; };
		F9C1386527EC6E290018B9EE /* ContentViewModel.swift in Sources */ = {isa = PBXBuildFile; fileRef = F9C1386427EC6E290018B9EE /* ContentViewModel.swift */; };
		F9C1386827EC7C320018B9EE /* Kingfisher in Frameworks */ = {isa = PBXBuildFile; productRef = F9C1386727EC7C320018B9EE /* Kingfisher */; };
		F9C1386B27EC83630018B9EE /* FocusEntity in Frameworks */ = {isa = PBXBuildFile; productRef = F9C1386A27EC83630018B9EE /* FocusEntity */; };
		F9C1386E27EC85C10018B9EE /* CustomARView.swift in Sources */ = {isa = PBXBuildFile; fileRef = F9C1386D27EC85C10018B9EE /* CustomARView.swift */; };
		F9C1387027EC9AC50018B9EE /* CustomProgressView.swift in Sources */ = {isa = PBXBuildFile; fileRef = F9C1386F27EC9AC50018B9EE /* CustomProgressView.swift */; };
/* End PBXBuildFile section */

/* Begin PBXContainerItemProxy section */
		F99CE5CB27EB014300CDF225 /* PBXContainerItemProxy */ = {
			isa = PBXContainerItemProxy;
			containerPortal = F99CE5B027EB014200CDF225 /* Project object */;
			proxyType = 1;
			remoteGlobalIDString = F99CE5B727EB014200CDF225;
			remoteInfo = RoomDecoratorAR;
		};
		F99CE5D527EB014300CDF225 /* PBXContainerItemProxy */ = {
			isa = PBXContainerItemProxy;
			containerPortal = F99CE5B027EB014200CDF225 /* Project object */;
			proxyType = 1;
			remoteGlobalIDString = F99CE5B727EB014200CDF225;
			remoteInfo = RoomDecoratorAR;
		};
/* End PBXContainerItemProxy section */

/* Begin PBXFileReference section */
		F99CE5B827EB014200CDF225 /* RoomDecoratorAR.app */ = {isa = PBXFileReference; explicitFileType = wrapper.application; includeInIndex = 0; path = RoomDecoratorAR.app; sourceTree = BUILT_PRODUCTS_DIR; };
		F99CE5BB27EB014200CDF225 /* AppDelegate.swift */ = {isa = PBXFileReference; lastKnownFileType = sourcecode.swift; path = AppDelegate.swift; sourceTree = "<group>"; };
		F99CE5BD27EB014200CDF225 /* ContentView.swift */ = {isa = PBXFileReference; lastKnownFileType = sourcecode.swift; path = ContentView.swift; sourceTree = "<group>"; };
		F99CE5BF27EB014200CDF225 /* Experience.rcproject */ = {isa = PBXFileReference; lastKnownFileType = file.rcproject; path = Experience.rcproject; sourceTree = "<group>"; };
		F99CE5C127EB014300CDF225 /* Assets.xcassets */ = {isa = PBXFileReference; lastKnownFileType = folder.assetcatalog; path = Assets.xcassets; sourceTree = "<group>"; };
		F99CE5C427EB014300CDF225 /* Preview Assets.xcassets */ = {isa = PBXFileReference; lastKnownFileType = folder.assetcatalog; path = "Preview Assets.xcassets"; sourceTree = "<group>"; };
		F99CE5CA27EB014300CDF225 /* RoomDecoratorARTests.xctest */ = {isa = PBXFileReference; explicitFileType = wrapper.cfbundle; includeInIndex = 0; path = RoomDecoratorARTests.xctest; sourceTree = BUILT_PRODUCTS_DIR; };
		F99CE5CE27EB014300CDF225 /* RoomDecoratorARTests.swift */ = {isa = PBXFileReference; lastKnownFileType = sourcecode.swift; path = RoomDecoratorARTests.swift; sourceTree = "<group>"; };
		F99CE5D427EB014300CDF225 /* RoomDecoratorARUITests.xctest */ = {isa = PBXFileReference; explicitFileType = wrapper.cfbundle; includeInIndex = 0; path = RoomDecoratorARUITests.xctest; sourceTree = BUILT_PRODUCTS_DIR; };
		F99CE5D827EB014300CDF225 /* RoomDecoratorARUITests.swift */ = {isa = PBXFileReference; lastKnownFileType = sourcecode.swift; path = RoomDecoratorARUITests.swift; sourceTree = "<group>"; };
		F99CE5DA27EB014300CDF225 /* RoomDecoratorARUITestsLaunchTests.swift */ = {isa = PBXFileReference; lastKnownFileType = sourcecode.swift; path = RoomDecoratorARUITestsLaunchTests.swift; sourceTree = "<group>"; };
		F99CE5EC27EB0BB100CDF225 /* ShopView.swift */ = {isa = PBXFileReference; lastKnownFileType = sourcecode.swift; path = ShopView.swift; sourceTree = "<group>"; };
		F99CE5EE27EB0C0D00CDF225 /* FavouritesView.swift */ = {isa = PBXFileReference; lastKnownFileType = sourcecode.swift; path = FavouritesView.swift; sourceTree = "<group>"; };
		F99CE5F027EB143600CDF225 /* RoomItemsView.swift */ = {isa = PBXFileReference; lastKnownFileType = sourcecode.swift; path = RoomItemsView.swift; sourceTree = "<group>"; };
		F99CE5F227EB1D8700CDF225 /* BottomSheetVIew.swift */ = {isa = PBXFileReference; lastKnownFileType = sourcecode.swift; path = BottomSheetVIew.swift; sourceTree = "<group>"; };
		F99CE5F527EB2AE700CDF225 /* UIScreenExtension.swift */ = {isa = PBXFileReference; lastKnownFileType = sourcecode.swift; path = UIScreenExtension.swift; sourceTree = "<group>"; };
		F99CE5F727EB370600CDF225 /* ViewExtension.swift */ = {isa = PBXFileReference; lastKnownFileType = sourcecode.swift; path = ViewExtension.swift; sourceTree = "<group>"; };
		F99CE5FA27EB372200CDF225 /* RoundedCorner.swift */ = {isa = PBXFileReference; lastKnownFileType = sourcecode.swift; path = RoundedCorner.swift; sourceTree = "<group>"; };
		F99CE5FC27EB3E2F00CDF225 /* Info.plist */ = {isa = PBXFileReference; lastKnownFileType = text.plist; path = Info.plist; sourceTree = "<group>"; };
		F9C1385C27EC55790018B9EE /* CategotyView.swift */ = {isa = PBXFileReference; lastKnownFileType = sourcecode.swift; path = CategotyView.swift; sourceTree = "<group>"; };
		F9C1386227EC63290018B9EE /* Model.swift */ = {isa = PBXFileReference; lastKnownFileType = sourcecode.swift; path = Model.swift; sourceTree = "<group>"; };
		F9C1386427EC6E290018B9EE /* ContentViewModel.swift */ = {isa = PBXFileReference; lastKnownFileType = sourcecode.swift; path = ContentViewModel.swift; sourceTree = "<group>"; };
		F9C1386D27EC85C10018B9EE /* CustomARView.swift */ = {isa = PBXFileReference; lastKnownFileType = sourcecode.swift; path = CustomARView.swift; sourceTree = "<group>"; };
		F9C1386F27EC9AC50018B9EE /* CustomProgressView.swift */ = {isa = PBXFileReference; lastKnownFileType = sourcecode.swift; path = CustomProgressView.swift; sourceTree = "<group>"; };
/* End PBXFileReference section */

/* Begin PBXFrameworksBuildPhase section */
		F99CE5B527EB014200CDF225 /* Frameworks */ = {
			isa = PBXFrameworksBuildPhase;
			buildActionMask = 2147483647;
			files = (
				F9C1386B27EC83630018B9EE /* FocusEntity in Frameworks */,
				F9C1386827EC7C320018B9EE /* Kingfisher in Frameworks */,
			);
			runOnlyForDeploymentPostprocessing = 0;
		};
		F99CE5C727EB014300CDF225 /* Frameworks */ = {
			isa = PBXFrameworksBuildPhase;
			buildActionMask = 2147483647;
			files = (
			);
			runOnlyForDeploymentPostprocessing = 0;
		};
		F99CE5D127EB014300CDF225 /* Frameworks */ = {
			isa = PBXFrameworksBuildPhase;
			buildActionMask = 2147483647;
			files = (
			);
			runOnlyForDeploymentPostprocessing = 0;
		};
/* End PBXFrameworksBuildPhase section */

/* Begin PBXGroup section */
		F99CE5AF27EB014200CDF225 = {
			isa = PBXGroup;
			children = (
				F99CE5BA27EB014200CDF225 /* RoomDecoratorAR */,
				F99CE5CD27EB014300CDF225 /* RoomDecoratorARTests */,
				F99CE5D727EB014300CDF225 /* RoomDecoratorARUITests */,
				F99CE5B927EB014200CDF225 /* Products */,
			);
			sourceTree = "<group>";
		};
		F99CE5B927EB014200CDF225 /* Products */ = {
			isa = PBXGroup;
			children = (
				F99CE5B827EB014200CDF225 /* RoomDecoratorAR.app */,
				F99CE5CA27EB014300CDF225 /* RoomDecoratorARTests.xctest */,
				F99CE5D427EB014300CDF225 /* RoomDecoratorARUITests.xctest */,
			);
			name = Products;
			sourceTree = "<group>";
		};
		F99CE5BA27EB014200CDF225 /* RoomDecoratorAR */ = {
			isa = PBXGroup;
			children = (
				F9C1386C27EC85AE0018B9EE /* Custom Components */,
				F99CE5FC27EB3E2F00CDF225 /* Info.plist */,
				F99CE5F927EB371400CDF225 /* Utils */,
				F99CE5F427EB2ACE00CDF225 /* Extensions */,
				F99CE5E827EB08DC00CDF225 /* Models */,
				F99CE5E727EB08D600CDF225 /* Views */,
				F99CE5E927EB08EE00CDF225 /* ViewModels */,
				F99CE5BB27EB014200CDF225 /* AppDelegate.swift */,
				F99CE5BD27EB014200CDF225 /* ContentView.swift */,
				F99CE5BF27EB014200CDF225 /* Experience.rcproject */,
				F99CE5C127EB014300CDF225 /* Assets.xcassets */,
				F99CE5C327EB014300CDF225 /* Preview Content */,
			);
			path = RoomDecoratorAR;
			sourceTree = "<group>";
		};
		F99CE5C327EB014300CDF225 /* Preview Content */ = {
			isa = PBXGroup;
			children = (
				F99CE5C427EB014300CDF225 /* Preview Assets.xcassets */,
			);
			path = "Preview Content";
			sourceTree = "<group>";
		};
		F99CE5CD27EB014300CDF225 /* RoomDecoratorARTests */ = {
			isa = PBXGroup;
			children = (
				F99CE5CE27EB014300CDF225 /* RoomDecoratorARTests.swift */,
			);
			path = RoomDecoratorARTests;
			sourceTree = "<group>";
		};
		F99CE5D727EB014300CDF225 /* RoomDecoratorARUITests */ = {
			isa = PBXGroup;
			children = (
				F99CE5D827EB014300CDF225 /* RoomDecoratorARUITests.swift */,
				F99CE5DA27EB014300CDF225 /* RoomDecoratorARUITestsLaunchTests.swift */,
			);
			path = RoomDecoratorARUITests;
			sourceTree = "<group>";
		};
		F99CE5E727EB08D600CDF225 /* Views */ = {
			isa = PBXGroup;
			children = (
				F9C1385B27EC555A0018B9EE /* ShopView */,
				F99CE5F227EB1D8700CDF225 /* BottomSheetVIew.swift */,
				F99CE5EE27EB0C0D00CDF225 /* FavouritesView.swift */,
				F99CE5F027EB143600CDF225 /* RoomItemsView.swift */,
			);
			path = Views;
			sourceTree = "<group>";
		};
		F99CE5E827EB08DC00CDF225 /* Models */ = {
			isa = PBXGroup;
			children = (
				F9C1386227EC63290018B9EE /* Model.swift */,
			);
			path = Models;
			sourceTree = "<group>";
		};
		F99CE5E927EB08EE00CDF225 /* ViewModels */ = {
			isa = PBXGroup;
			children = (
				F9C1386427EC6E290018B9EE /* ContentViewModel.swift */,
			);
			path = ViewModels;
			sourceTree = "<group>";
		};
		F99CE5F427EB2ACE00CDF225 /* Extensions */ = {
			isa = PBXGroup;
			children = (
				F99CE5F527EB2AE700CDF225 /* UIScreenExtension.swift */,
				F99CE5F727EB370600CDF225 /* ViewExtension.swift */,
			);
			path = Extensions;
			sourceTree = "<group>";
		};
		F99CE5F927EB371400CDF225 /* Utils */ = {
			isa = PBXGroup;
			children = (
				F99CE5FA27EB372200CDF225 /* RoundedCorner.swift */,
			);
			path = Utils;
			sourceTree = "<group>";
		};
		F9C1385B27EC555A0018B9EE /* ShopView */ = {
			isa = PBXGroup;
			children = (
				F99CE5EC27EB0BB100CDF225 /* ShopView.swift */,
				F9C1385C27EC55790018B9EE /* CategotyView.swift */,
			);
			path = ShopView;
			sourceTree = "<group>";
		};
		F9C1386C27EC85AE0018B9EE /* Custom Components */ = {
			isa = PBXGroup;
			children = (
				F9C1386D27EC85C10018B9EE /* CustomARView.swift */,
				F9C1386F27EC9AC50018B9EE /* CustomProgressView.swift */,
			);
			path = "Custom Components";
			sourceTree = "<group>";
		};
/* End PBXGroup section */

/* Begin PBXNativeTarget section */
		F99CE5B727EB014200CDF225 /* RoomDecoratorAR */ = {
			isa = PBXNativeTarget;
			buildConfigurationList = F99CE5DE27EB014300CDF225 /* Build configuration list for PBXNativeTarget "RoomDecoratorAR" */;
			buildPhases = (
				F99CE5B427EB014200CDF225 /* Sources */,
				F99CE5B527EB014200CDF225 /* Frameworks */,
				F99CE5B627EB014200CDF225 /* Resources */,
			);
			buildRules = (
			);
			dependencies = (
			);
			name = RoomDecoratorAR;
			packageProductDependencies = (
				F9C1386727EC7C320018B9EE /* Kingfisher */,
				F9C1386A27EC83630018B9EE /* FocusEntity */,
			);
			productName = RoomDecoratorAR;
			productReference = F99CE5B827EB014200CDF225 /* RoomDecoratorAR.app */;
			productType = "com.apple.product-type.application";
		};
		F99CE5C927EB014300CDF225 /* RoomDecoratorARTests */ = {
			isa = PBXNativeTarget;
			buildConfigurationList = F99CE5E127EB014300CDF225 /* Build configuration list for PBXNativeTarget "RoomDecoratorARTests" */;
			buildPhases = (
				F99CE5C627EB014300CDF225 /* Sources */,
				F99CE5C727EB014300CDF225 /* Frameworks */,
				F99CE5C827EB014300CDF225 /* Resources */,
			);
			buildRules = (
			);
			dependencies = (
				F99CE5CC27EB014300CDF225 /* PBXTargetDependency */,
			);
			name = RoomDecoratorARTests;
			productName = RoomDecoratorARTests;
			productReference = F99CE5CA27EB014300CDF225 /* RoomDecoratorARTests.xctest */;
			productType = "com.apple.product-type.bundle.unit-test";
		};
		F99CE5D327EB014300CDF225 /* RoomDecoratorARUITests */ = {
			isa = PBXNativeTarget;
			buildConfigurationList = F99CE5E427EB014300CDF225 /* Build configuration list for PBXNativeTarget "RoomDecoratorARUITests" */;
			buildPhases = (
				F99CE5D027EB014300CDF225 /* Sources */,
				F99CE5D127EB014300CDF225 /* Frameworks */,
				F99CE5D227EB014300CDF225 /* Resources */,
			);
			buildRules = (
			);
			dependencies = (
				F99CE5D627EB014300CDF225 /* PBXTargetDependency */,
			);
			name = RoomDecoratorARUITests;
			productName = RoomDecoratorARUITests;
			productReference = F99CE5D427EB014300CDF225 /* RoomDecoratorARUITests.xctest */;
			productType = "com.apple.product-type.bundle.ui-testing";
		};
/* End PBXNativeTarget section */

/* Begin PBXProject section */
		F99CE5B027EB014200CDF225 /* Project object */ = {
			isa = PBXProject;
			attributes = {
				BuildIndependentTargetsInParallel = 1;
				LastSwiftUpdateCheck = 1320;
				LastUpgradeCheck = 1320;
				TargetAttributes = {
					F99CE5B727EB014200CDF225 = {
						CreatedOnToolsVersion = 13.2.1;
					};
					F99CE5C927EB014300CDF225 = {
						CreatedOnToolsVersion = 13.2.1;
						TestTargetID = F99CE5B727EB014200CDF225;
					};
					F99CE5D327EB014300CDF225 = {
						CreatedOnToolsVersion = 13.2.1;
						TestTargetID = F99CE5B727EB014200CDF225;
					};
				};
			};
			buildConfigurationList = F99CE5B327EB014200CDF225 /* Build configuration list for PBXProject "RoomDecoratorAR" */;
			compatibilityVersion = "Xcode 13.0";
			developmentRegion = en;
			hasScannedForEncodings = 0;
			knownRegions = (
				en,
				Base,
			);
			mainGroup = F99CE5AF27EB014200CDF225;
			packageReferences = (
				F9C1386627EC7C320018B9EE /* XCRemoteSwiftPackageReference "Kingfisher" */,
				F9C1386927EC83630018B9EE /* XCRemoteSwiftPackageReference "FocusEntity" */,
			);
			productRefGroup = F99CE5B927EB014200CDF225 /* Products */;
			projectDirPath = "";
			projectRoot = "";
			targets = (
				F99CE5B727EB014200CDF225 /* RoomDecoratorAR */,
				F99CE5C927EB014300CDF225 /* RoomDecoratorARTests */,
				F99CE5D327EB014300CDF225 /* RoomDecoratorARUITests */,
			);
		};
/* End PBXProject section */

/* Begin PBXResourcesBuildPhase section */
		F99CE5B627EB014200CDF225 /* Resources */ = {
			isa = PBXResourcesBuildPhase;
			buildActionMask = 2147483647;
			files = (
				F99CE5C527EB014300CDF225 /* Preview Assets.xcassets in Resources */,
				F99CE5C227EB014300CDF225 /* Assets.xcassets in Resources */,
			);
			runOnlyForDeploymentPostprocessing = 0;
		};
		F99CE5C827EB014300CDF225 /* Resources */ = {
			isa = PBXResourcesBuildPhase;
			buildActionMask = 2147483647;
			files = (
			);
			runOnlyForDeploymentPostprocessing = 0;
		};
		F99CE5D227EB014300CDF225 /* Resources */ = {
			isa = PBXResourcesBuildPhase;
			buildActionMask = 2147483647;
			files = (
			);
			runOnlyForDeploymentPostprocessing = 0;
		};
/* End PBXResourcesBuildPhase section */

/* Begin PBXSourcesBuildPhase section */
		F99CE5B427EB014200CDF225 /* Sources */ = {
			isa = PBXSourcesBuildPhase;
			buildActionMask = 2147483647;
			files = (
				F99CE5BE27EB014200CDF225 /* ContentView.swift in Sources */,
				F99CE5F627EB2AE700CDF225 /* UIScreenExtension.swift in Sources */,
				F99CE5F327EB1D8700CDF225 /* BottomSheetVIew.swift in Sources */,
				F99CE5F127EB143600CDF225 /* RoomItemsView.swift in Sources */,
				F99CE5F827EB370600CDF225 /* ViewExtension.swift in Sources */,
				F99CE5BC27EB014200CDF225 /* AppDelegate.swift in Sources */,
				F9C1386327EC63290018B9EE /* Model.swift in Sources */,
				F99CE5ED27EB0BB100CDF225 /* ShopView.swift in Sources */,
				F9C1387027EC9AC50018B9EE /* CustomProgressView.swift in Sources */,
				F9C1385D27EC55790018B9EE /* CategotyView.swift in Sources */,
				F9C1386527EC6E290018B9EE /* ContentViewModel.swift in Sources */,
				F99CE5EF27EB0C0D00CDF225 /* FavouritesView.swift in Sources */,
				F99CE5FB27EB372200CDF225 /* RoundedCorner.swift in Sources */,
				F9C1386E27EC85C10018B9EE /* CustomARView.swift in Sources */,
				F99CE5C027EB014200CDF225 /* Experience.rcproject in Sources */,
			);
			runOnlyForDeploymentPostprocessing = 0;
		};
		F99CE5C627EB014300CDF225 /* Sources */ = {
			isa = PBXSourcesBuildPhase;
			buildActionMask = 2147483647;
			files = (
				F99CE5CF27EB014300CDF225 /* RoomDecoratorARTests.swift in Sources */,
			);
			runOnlyForDeploymentPostprocessing = 0;
		};
		F99CE5D027EB014300CDF225 /* Sources */ = {
			isa = PBXSourcesBuildPhase;
			buildActionMask = 2147483647;
			files = (
				F99CE5DB27EB014300CDF225 /* RoomDecoratorARUITestsLaunchTests.swift in Sources */,
				F99CE5D927EB014300CDF225 /* RoomDecoratorARUITests.swift in Sources */,
			);
			runOnlyForDeploymentPostprocessing = 0;
		};
/* End PBXSourcesBuildPhase section */

/* Begin PBXTargetDependency section */
		F99CE5CC27EB014300CDF225 /* PBXTargetDependency */ = {
			isa = PBXTargetDependency;
			target = F99CE5B727EB014200CDF225 /* RoomDecoratorAR */;
			targetProxy = F99CE5CB27EB014300CDF225 /* PBXContainerItemProxy */;
		};
		F99CE5D627EB014300CDF225 /* PBXTargetDependency */ = {
			isa = PBXTargetDependency;
			target = F99CE5B727EB014200CDF225 /* RoomDecoratorAR */;
			targetProxy = F99CE5D527EB014300CDF225 /* PBXContainerItemProxy */;
		};
/* End PBXTargetDependency section */

/* Begin XCBuildConfiguration section */
		F99CE5DC27EB014300CDF225 /* Debug */ = {
			isa = XCBuildConfiguration;
			buildSettings = {
				ALWAYS_SEARCH_USER_PATHS = NO;
				CLANG_ANALYZER_NONNULL = YES;
				CLANG_ANALYZER_NUMBER_OBJECT_CONVERSION = YES_AGGRESSIVE;
				CLANG_CXX_LANGUAGE_STANDARD = "gnu++17";
				CLANG_CXX_LIBRARY = "libc++";
				CLANG_ENABLE_MODULES = YES;
				CLANG_ENABLE_OBJC_ARC = YES;
				CLANG_ENABLE_OBJC_WEAK = YES;
				CLANG_WARN_BLOCK_CAPTURE_AUTORELEASING = YES;
				CLANG_WARN_BOOL_CONVERSION = YES;
				CLANG_WARN_COMMA = YES;
				CLANG_WARN_CONSTANT_CONVERSION = YES;
				CLANG_WARN_DEPRECATED_OBJC_IMPLEMENTATIONS = YES;
				CLANG_WARN_DIRECT_OBJC_ISA_USAGE = YES_ERROR;
				CLANG_WARN_DOCUMENTATION_COMMENTS = YES;
				CLANG_WARN_EMPTY_BODY = YES;
				CLANG_WARN_ENUM_CONVERSION = YES;
				CLANG_WARN_INFINITE_RECURSION = YES;
				CLANG_WARN_INT_CONVERSION = YES;
				CLANG_WARN_NON_LITERAL_NULL_CONVERSION = YES;
				CLANG_WARN_OBJC_IMPLICIT_RETAIN_SELF = YES;
				CLANG_WARN_OBJC_LITERAL_CONVERSION = YES;
				CLANG_WARN_OBJC_ROOT_CLASS = YES_ERROR;
				CLANG_WARN_QUOTED_INCLUDE_IN_FRAMEWORK_HEADER = YES;
				CLANG_WARN_RANGE_LOOP_ANALYSIS = YES;
				CLANG_WARN_STRICT_PROTOTYPES = YES;
				CLANG_WARN_SUSPICIOUS_MOVE = YES;
				CLANG_WARN_UNGUARDED_AVAILABILITY = YES_AGGRESSIVE;
				CLANG_WARN_UNREACHABLE_CODE = YES;
				CLANG_WARN__DUPLICATE_METHOD_MATCH = YES;
				COPY_PHASE_STRIP = NO;
				DEBUG_INFORMATION_FORMAT = dwarf;
				ENABLE_STRICT_OBJC_MSGSEND = YES;
				ENABLE_TESTABILITY = YES;
				GCC_C_LANGUAGE_STANDARD = gnu11;
				GCC_DYNAMIC_NO_PIC = NO;
				GCC_NO_COMMON_BLOCKS = YES;
				GCC_OPTIMIZATION_LEVEL = 0;
				GCC_PREPROCESSOR_DEFINITIONS = (
					"DEBUG=1",
					"$(inherited)",
				);
				GCC_WARN_64_TO_32_BIT_CONVERSION = YES;
				GCC_WARN_ABOUT_RETURN_TYPE = YES_ERROR;
				GCC_WARN_UNDECLARED_SELECTOR = YES;
				GCC_WARN_UNINITIALIZED_AUTOS = YES_AGGRESSIVE;
				GCC_WARN_UNUSED_FUNCTION = YES;
				GCC_WARN_UNUSED_VARIABLE = YES;
				IPHONEOS_DEPLOYMENT_TARGET = 15.0;
				MTL_ENABLE_DEBUG_INFO = INCLUDE_SOURCE;
				MTL_FAST_MATH = YES;
				ONLY_ACTIVE_ARCH = YES;
				SDKROOT = iphoneos;
				SWIFT_ACTIVE_COMPILATION_CONDITIONS = DEBUG;
				SWIFT_OPTIMIZATION_LEVEL = "-Onone";
			};
			name = Debug;
		};
		F99CE5DD27EB014300CDF225 /* Release */ = {
			isa = XCBuildConfiguration;
			buildSettings = {
				ALWAYS_SEARCH_USER_PATHS = NO;
				CLANG_ANALYZER_NONNULL = YES;
				CLANG_ANALYZER_NUMBER_OBJECT_CONVERSION = YES_AGGRESSIVE;
				CLANG_CXX_LANGUAGE_STANDARD = "gnu++17";
				CLANG_CXX_LIBRARY = "libc++";
				CLANG_ENABLE_MODULES = YES;
				CLANG_ENABLE_OBJC_ARC = YES;
				CLANG_ENABLE_OBJC_WEAK = YES;
				CLANG_WARN_BLOCK_CAPTURE_AUTORELEASING = YES;
				CLANG_WARN_BOOL_CONVERSION = YES;
				CLANG_WARN_COMMA = YES;
				CLANG_WARN_CONSTANT_CONVERSION = YES;
				CLANG_WARN_DEPRECATED_OBJC_IMPLEMENTATIONS = YES;
				CLANG_WARN_DIRECT_OBJC_ISA_USAGE = YES_ERROR;
				CLANG_WARN_DOCUMENTATION_COMMENTS = YES;
				CLANG_WARN_EMPTY_BODY = YES;
				CLANG_WARN_ENUM_CONVERSION = YES;
				CLANG_WARN_INFINITE_RECURSION = YES;
				CLANG_WARN_INT_CONVERSION = YES;
				CLANG_WARN_NON_LITERAL_NULL_CONVERSION = YES;
				CLANG_WARN_OBJC_IMPLICIT_RETAIN_SELF = YES;
				CLANG_WARN_OBJC_LITERAL_CONVERSION = YES;
				CLANG_WARN_OBJC_ROOT_CLASS = YES_ERROR;
				CLANG_WARN_QUOTED_INCLUDE_IN_FRAMEWORK_HEADER = YES;
				CLANG_WARN_RANGE_LOOP_ANALYSIS = YES;
				CLANG_WARN_STRICT_PROTOTYPES = YES;
				CLANG_WARN_SUSPICIOUS_MOVE = YES;
				CLANG_WARN_UNGUARDED_AVAILABILITY = YES_AGGRESSIVE;
				CLANG_WARN_UNREACHABLE_CODE = YES;
				CLANG_WARN__DUPLICATE_METHOD_MATCH = YES;
				COPY_PHASE_STRIP = NO;
				DEBUG_INFORMATION_FORMAT = "dwarf-with-dsym";
				ENABLE_NS_ASSERTIONS = NO;
				ENABLE_STRICT_OBJC_MSGSEND = YES;
				GCC_C_LANGUAGE_STANDARD = gnu11;
				GCC_NO_COMMON_BLOCKS = YES;
				GCC_WARN_64_TO_32_BIT_CONVERSION = YES;
				GCC_WARN_ABOUT_RETURN_TYPE = YES_ERROR;
				GCC_WARN_UNDECLARED_SELECTOR = YES;
				GCC_WARN_UNINITIALIZED_AUTOS = YES_AGGRESSIVE;
				GCC_WARN_UNUSED_FUNCTION = YES;
				GCC_WARN_UNUSED_VARIABLE = YES;
				IPHONEOS_DEPLOYMENT_TARGET = 15.0;
				MTL_ENABLE_DEBUG_INFO = NO;
				MTL_FAST_MATH = YES;
				SDKROOT = iphoneos;
				SWIFT_COMPILATION_MODE = wholemodule;
				SWIFT_OPTIMIZATION_LEVEL = "-O";
				VALIDATE_PRODUCT = YES;
			};
			name = Release;
		};
		F99CE5DF27EB014300CDF225 /* Debug */ = {
			isa = XCBuildConfiguration;
			buildSettings = {
				ASSETCATALOG_COMPILER_APPICON_NAME = AppIcon;
				ASSETCATALOG_COMPILER_GLOBAL_ACCENT_COLOR_NAME = AccentColor;
				CODE_SIGN_STYLE = Automatic;
				CURRENT_PROJECT_VERSION = 1;
				DEVELOPMENT_ASSET_PATHS = "\"RoomDecoratorAR/Preview Content\"";
				DEVELOPMENT_TEAM = DB6K9AT64H;
				ENABLE_PREVIEWS = YES;
				GENERATE_INFOPLIST_FILE = YES;
				INFOPLIST_FILE = "";
				INFOPLIST_KEY_NSCameraUsageDescription = "";
				INFOPLIST_KEY_NSPhotoLibraryAddUsageDescription = "Required to save AR Pictures in Photo Library";
				INFOPLIST_KEY_UIApplicationSupportsIndirectInputEvents = YES;
				INFOPLIST_KEY_UILaunchScreen_Generation = YES;
				INFOPLIST_KEY_UIRequiredDeviceCapabilities = arkit;
				INFOPLIST_KEY_UIStatusBarHidden = YES;
				INFOPLIST_KEY_UISupportedInterfaceOrientations = UIInterfaceOrientationPortrait;
				INFOPLIST_KEY_UISupportedInterfaceOrientations_iPad = "UIInterfaceOrientationPortrait UIInterfaceOrientationPortraitUpsideDown UIInterfaceOrientationLandscapeLeft UIInterfaceOrientationLandscapeRight";
				INFOPLIST_KEY_UISupportedInterfaceOrientations_iPhone = "UIInterfaceOrientationPortrait UIInterfaceOrientationLandscapeLeft UIInterfaceOrientationLandscapeRight";
				IPHONEOS_DEPLOYMENT_TARGET = 15.0;
				LD_RUNPATH_SEARCH_PATHS = (
					"$(inherited)",
					"@executable_path/Frameworks",
				);
				MARKETING_VERSION = 1.0;
				PRODUCT_BUNDLE_IDENTIFIER = "Shirayo-own.RoomDecoratorAR";
				PRODUCT_NAME = "$(TARGET_NAME)";
				SWIFT_EMIT_LOC_STRINGS = YES;
				SWIFT_VERSION = 5.0;
				TARGETED_DEVICE_FAMILY = "1,2";
			};
			name = Debug;
		};
		F99CE5E027EB014300CDF225 /* Release */ = {
			isa = XCBuildConfiguration;
			buildSettings = {
				ASSETCATALOG_COMPILER_APPICON_NAME = AppIcon;
				ASSETCATALOG_COMPILER_GLOBAL_ACCENT_COLOR_NAME = AccentColor;
				CODE_SIGN_STYLE = Automatic;
				CURRENT_PROJECT_VERSION = 1;
				DEVELOPMENT_ASSET_PATHS = "\"RoomDecoratorAR/Preview Content\"";
				DEVELOPMENT_TEAM = DB6K9AT64H;
				ENABLE_PREVIEWS = YES;
				GENERATE_INFOPLIST_FILE = YES;
				INFOPLIST_FILE = "";
				INFOPLIST_KEY_NSCameraUsageDescription = "";
				INFOPLIST_KEY_NSPhotoLibraryAddUsageDescription = "Required to save AR Pictures in Photo Library";
				INFOPLIST_KEY_UIApplicationSupportsIndirectInputEvents = YES;
				INFOPLIST_KEY_UILaunchScreen_Generation = YES;
				INFOPLIST_KEY_UIRequiredDeviceCapabilities = arkit;
				INFOPLIST_KEY_UIStatusBarHidden = YES;
				INFOPLIST_KEY_UISupportedInterfaceOrientations = UIInterfaceOrientationPortrait;
				INFOPLIST_KEY_UISupportedInterfaceOrientations_iPad = "UIInterfaceOrientationPortrait UIInterfaceOrientationPortraitUpsideDown UIInterfaceOrientationLandscapeLeft UIInterfaceOrientationLandscapeRight";
				INFOPLIST_KEY_UISupportedInterfaceOrientations_iPhone = "UIInterfaceOrientationPortrait UIInterfaceOrientationLandscapeLeft UIInterfaceOrientationLandscapeRight";
				IPHONEOS_DEPLOYMENT_TARGET = 15.0;
				LD_RUNPATH_SEARCH_PATHS = (
					"$(inherited)",
					"@executable_path/Frameworks",
				);
				MARKETING_VERSION = 1.0;
				PRODUCT_BUNDLE_IDENTIFIER = "Shirayo-own.RoomDecoratorAR";
				PRODUCT_NAME = "$(TARGET_NAME)";
				SWIFT_EMIT_LOC_STRINGS = YES;
				SWIFT_VERSION = 5.0;
				TARGETED_DEVICE_FAMILY = "1,2";
			};
			name = Release;
		};
		F99CE5E227EB014300CDF225 /* Debug */ = {
			isa = XCBuildConfiguration;
			buildSettings = {
				ALWAYS_EMBED_SWIFT_STANDARD_LIBRARIES = YES;
				BUNDLE_LOADER = "$(TEST_HOST)";
				CODE_SIGN_STYLE = Automatic;
				CURRENT_PROJECT_VERSION = 1;
				DEVELOPMENT_TEAM = DB6K9AT64H;
				GENERATE_INFOPLIST_FILE = YES;
				IPHONEOS_DEPLOYMENT_TARGET = 15.2;
				MARKETING_VERSION = 1.0;
				PRODUCT_BUNDLE_IDENTIFIER = "Shirayo-own.RoomDecoratorARTests";
				PRODUCT_NAME = "$(TARGET_NAME)";
				SWIFT_EMIT_LOC_STRINGS = NO;
				SWIFT_VERSION = 5.0;
				TARGETED_DEVICE_FAMILY = "1,2";
				TEST_HOST = "$(BUILT_PRODUCTS_DIR)/RoomDecoratorAR.app/RoomDecoratorAR";
			};
			name = Debug;
		};
		F99CE5E327EB014300CDF225 /* Release */ = {
			isa = XCBuildConfiguration;
			buildSettings = {
				ALWAYS_EMBED_SWIFT_STANDARD_LIBRARIES = YES;
				BUNDLE_LOADER = "$(TEST_HOST)";
				CODE_SIGN_STYLE = Automatic;
				CURRENT_PROJECT_VERSION = 1;
				DEVELOPMENT_TEAM = DB6K9AT64H;
				GENERATE_INFOPLIST_FILE = YES;
				IPHONEOS_DEPLOYMENT_TARGET = 15.2;
				MARKETING_VERSION = 1.0;
				PRODUCT_BUNDLE_IDENTIFIER = "Shirayo-own.RoomDecoratorARTests";
				PRODUCT_NAME = "$(TARGET_NAME)";
				SWIFT_EMIT_LOC_STRINGS = NO;
				SWIFT_VERSION = 5.0;
				TARGETED_DEVICE_FAMILY = "1,2";
				TEST_HOST = "$(BUILT_PRODUCTS_DIR)/RoomDecoratorAR.app/RoomDecoratorAR";
			};
			name = Release;
		};
		F99CE5E527EB014300CDF225 /* Debug */ = {
			isa = XCBuildConfiguration;
			buildSettings = {
				ALWAYS_EMBED_SWIFT_STANDARD_LIBRARIES = YES;
				CODE_SIGN_STYLE = Automatic;
				CURRENT_PROJECT_VERSION = 1;
				DEVELOPMENT_TEAM = DB6K9AT64H;
				GENERATE_INFOPLIST_FILE = YES;
				MARKETING_VERSION = 1.0;
				PRODUCT_BUNDLE_IDENTIFIER = "Shirayo-own.RoomDecoratorARUITests";
				PRODUCT_NAME = "$(TARGET_NAME)";
				SWIFT_EMIT_LOC_STRINGS = NO;
				SWIFT_VERSION = 5.0;
				TARGETED_DEVICE_FAMILY = "1,2";
				TEST_TARGET_NAME = RoomDecoratorAR;
			};
			name = Debug;
		};
		F99CE5E627EB014300CDF225 /* Release */ = {
			isa = XCBuildConfiguration;
			buildSettings = {
				ALWAYS_EMBED_SWIFT_STANDARD_LIBRARIES = YES;
				CODE_SIGN_STYLE = Automatic;
				CURRENT_PROJECT_VERSION = 1;
				DEVELOPMENT_TEAM = DB6K9AT64H;
				GENERATE_INFOPLIST_FILE = YES;
				MARKETING_VERSION = 1.0;
				PRODUCT_BUNDLE_IDENTIFIER = "Shirayo-own.RoomDecoratorARUITests";
				PRODUCT_NAME = "$(TARGET_NAME)";
				SWIFT_EMIT_LOC_STRINGS = NO;
				SWIFT_VERSION = 5.0;
				TARGETED_DEVICE_FAMILY = "1,2";
				TEST_TARGET_NAME = RoomDecoratorAR;
			};
			name = Release;
		};
/* End XCBuildConfiguration section */

/* Begin XCConfigurationList section */
		F99CE5B327EB014200CDF225 /* Build configuration list for PBXProject "RoomDecoratorAR" */ = {
			isa = XCConfigurationList;
			buildConfigurations = (
				F99CE5DC27EB014300CDF225 /* Debug */,
				F99CE5DD27EB014300CDF225 /* Release */,
			);
			defaultConfigurationIsVisible = 0;
			defaultConfigurationName = Release;
		};
		F99CE5DE27EB014300CDF225 /* Build configuration list for PBXNativeTarget "RoomDecoratorAR" */ = {
			isa = XCConfigurationList;
			buildConfigurations = (
				F99CE5DF27EB014300CDF225 /* Debug */,
				F99CE5E027EB014300CDF225 /* Release */,
			);
			defaultConfigurationIsVisible = 0;
			defaultConfigurationName = Release;
		};
		F99CE5E127EB014300CDF225 /* Build configuration list for PBXNativeTarget "RoomDecoratorARTests" */ = {
			isa = XCConfigurationList;
			buildConfigurations = (
				F99CE5E227EB014300CDF225 /* Debug */,
				F99CE5E327EB014300CDF225 /* Release */,
			);
			defaultConfigurationIsVisible = 0;
			defaultConfigurationName = Release;
		};
		F99CE5E427EB014300CDF225 /* Build configuration list for PBXNativeTarget "RoomDecoratorARUITests" */ = {
			isa = XCConfigurationList;
			buildConfigurations = (
				F99CE5E527EB014300CDF225 /* Debug */,
				F99CE5E627EB014300CDF225 /* Release */,
			);
			defaultConfigurationIsVisible = 0;
			defaultConfigurationName = Release;
		};
/* End XCConfigurationList section */

/* Begin XCRemoteSwiftPackageReference section */
		F9C1386627EC7C320018B9EE /* XCRemoteSwiftPackageReference "Kingfisher" */ = {
			isa = XCRemoteSwiftPackageReference;
			repositoryURL = "https://github.com/onevcat/Kingfisher";
			requirement = {
				kind = upToNextMajorVersion;
				minimumVersion = 7.0.0;
			};
		};
		F9C1386927EC83630018B9EE /* XCRemoteSwiftPackageReference "FocusEntity" */ = {
			isa = XCRemoteSwiftPackageReference;
			repositoryURL = "https://github.com/maxxfrazer/FocusEntity";
			requirement = {
				branch = main;
				kind = branch;
			};
		};
/* End XCRemoteSwiftPackageReference section */

/* Begin XCSwiftPackageProductDependency section */
		F9C1386727EC7C320018B9EE /* Kingfisher */ = {
			isa = XCSwiftPackageProductDependency;
			package = F9C1386627EC7C320018B9EE /* XCRemoteSwiftPackageReference "Kingfisher" */;
			productName = Kingfisher;
		};
		F9C1386A27EC83630018B9EE /* FocusEntity */ = {
			isa = XCSwiftPackageProductDependency;
			package = F9C1386927EC83630018B9EE /* XCRemoteSwiftPackageReference "FocusEntity" */;
			productName = FocusEntity;
		};
/* End XCSwiftPackageProductDependency section */
	};
	rootObject = F99CE5B027EB014200CDF225 /* Project object */;
}
